
Microsoft Visual Studio Solution File, Format Version 12.00
# Visual Studio Version 17
VisualStudioVersion = 17.12.35506.116
MinimumVisualStudioVersion = 10.0.40219.1
Project("{FAE04EC0-301F-11D3-BF4B-00C04F79EFBC}") = "TradingEngineServer", "TradingEngineServer.csproj", "{44160008-88C3-4726-A062-03BE49162C55}"
EndProject
Project("{FAE04EC0-301F-11D3-BF4B-00C04F79EFBC}") = "LoggingCS", "..\LoggingCS\LoggingCS\LoggingCS.csproj", "{D6923221-6674-4E7B-BEF5-17FC80C46046}"
EndProject
Project("{FAE04EC0-301F-11D3-BF4B-00C04F79EFBC}") = "InstrumentCS", "..\InstrumentCS\InstrumentCS.csproj", "{B956A9C3-9909-406B-B472-497AFC44ACF1}"
EndProject
Project("{FAE04EC0-301F-11D3-BF4B-00C04F79EFBC}") = "OrderbookCS", "..\OrderbookCS\OrderbookCS.csproj", "{F9063650-A429-4847-B713-FF6CC5BA5ABF}"
EndProject
Project("{FAE04EC0-301F-11D3-BF4B-00C04F79EFBC}") = "OrdersCS", "..\OrdersCS\OrdersCS.csproj", "{25F1989E-7821-4BEE-A2D2-A4339016BBCE}"
EndProject
Project("{FAE04EC0-301F-11D3-BF4B-00C04F79EFBC}") = "TradingEngineTests", "..\TradingEngineTests\TradingEngineTests.csproj", "{A1B2C3D4-E5F6-7890-ABCD-EF1234567890}"
EndProject
Global
	GlobalSection(SolutionConfigurationPlatforms) = preSolution
		Debug|Any CPU = Debug|Any CPU
		Release|Any CPU = Release|Any CPU
	EndGlobalSection
	GlobalSection(ProjectConfigurationPlatforms) = postSolution
		{44160008-88C3-4726-A062-03BE49162C55}.Debug|Any CPU.ActiveCfg = Debug|Any CPU
		{44160008-88C3-4726-A062-03BE49162C55}.Debug|Any CPU.Build.0 = Debug|Any CPU
		{44160008-88C3-4726-A062-03BE49162C55}.Release|Any CPU.ActiveCfg = Release|Any CPU
		{44160008-88C3-4726-A062-03BE49162C55}.Release|Any CPU.Build.0 = Release|Any CPU
		{D6923221-6674-4E7B-BEF5-17FC80C46046}.Debug|Any CPU.ActiveCfg = Debug|Any CPU
		{D6923221-6674-4E7B-BEF5-17FC80C46046}.Debug|Any CPU.Build.0 = Debug|Any CPU
		{D6923221-6674-4E7B-BEF5-17FC80C46046}.Release|Any CPU.ActiveCfg = Release|Any CPU
		{D6923221-6674-4E7B-BEF5-17FC80C46046}.Release|Any CPU.Build.0 = Release|Any CPU
		{B956A9C3-9909-406B-B472-497AFC44ACF1}.Debug|Any CPU.ActiveCfg = Debug|Any CPU
		{B956A9C3-9909-406B-B472-497AFC44ACF1}.Debug|Any CPU.Build.0 = Debug|Any CPU
		{B956A9C3-9909-406B-B472-497AFC44ACF1}.Release|Any CPU.ActiveCfg = Release|Any CPU
		{B956A9C3-9909-406B-B472-497AFC44ACF1}.Release|Any CPU.Build.0 = Release|Any CPU
		{F9063650-A429-4847-B713-FF6CC5BA5ABF}.Debug|Any CPU.ActiveCfg = Debug|Any CPU
		{F9063650-A429-4847-B713-FF6CC5BA5ABF}.Debug|Any CPU.Build.0 = Debug|Any CPU
		{F9063650-A429-4847-B713-FF6CC5BA5ABF}.Release|Any CPU.ActiveCfg = Release|Any CPU
		{F9063650-A429-4847-B713-FF6CC5BA5ABF}.Release|Any CPU.Build.0 = Release|Any CPU
		{25F1989E-7821-4BEE-A2D2-A4339016BBCE}.Debug|Any CPU.ActiveCfg = Debug|Any CPU
		{25F1989E-7821-4BEE-A2D2-A4339016BBCE}.Debug|Any CPU.Build.0 = Debug|Any CPU
				{25F1989E-7821-4BEE-A2D2-A4339016BBCE}.Release|Any CPU.ActiveCfg = Release|Any CPU
		{25F1989E-7821-4BEE-A2D2-A4339016BBCE}.Release|Any CPU.Build.0 = Release|Any CPU
		{A1B2C3D4-E5F6-7890-ABCD-EF1234567890}.Debug|Any CPU.ActiveCfg = Debug|Any CPU
		{A1B2C3D4-E5F6-7890-ABCD-EF1234567890}.Debug|Any CPU.Build.0 = Debug|Any CPU
		{A1B2C3D4-E5F6-7890-ABCD-EF1234567890}.Release|Any CPU.ActiveCfg = Release|Any CPU
		{A1B2C3D4-E5F6-7890-ABCD-EF1234567890}.Release|Any CPU.Build.0 = Release|Any CPU
EndGlobalSection
	GlobalSection(SolutionProperties) = preSolution
		HideSolutionNode = FALSE
	EndGlobalSection
EndGlobal
